<?xml version="1.0" encoding="utf-8"?>
<Project ToolsVersion="4.0" xmlns="http://schemas.microsoft.com/developer/msbuild/2003">
  <ItemGroup>
    <Filter Include="ソース ファイル">
      <UniqueIdentifier>{4FC737F1-C7A5-4376-A066-2A32D752A2FF}</UniqueIdentifier>
      <Extensions>cpp;c;cc;cxx;c++;cppm;ixx;def;odl;idl;hpj;bat;asm;asmx</Extensions>
    </Filter>
    <Filter Include="ヘッダー ファイル">
      <UniqueIdentifier>{93995380-89BD-4b04-88EB-625FBE52EBFB}</UniqueIdentifier>
      <Extensions>h;hh;hpp;hxx;h++;hm;inl;inc;ipp;xsd</Extensions>
    </Filter>
    <Filter Include="リソース ファイル">
      <UniqueIdentifier>{67DA6AB6-F800-4c08-8B7A-83BB121AAD01}</UniqueIdentifier>
      <Extensions>rc;ico;cur;bmp;dlg;rc2;rct;bin;rgs;gif;jpg;jpeg;jpe;resx;tiff;tif;png;wav;mfcribbon-ms</Extensions>
    </Filter>
  </ItemGroup>
  <ItemGroup>
    <ClCompile Include="lec01.HelloWorld.c">
      <Filter>ソース ファイル</Filter>
    </ClCompile>
    <ClCompile Include="lec02.prtintf関数.c">
      <Filter>ソース ファイル</Filter>
    </ClCompile>
    <ClCompile Include="lec09.演算子の基本.c">
      <Filter>ソース ファイル</Filter>
    </ClCompile>
    <ClCompile Include="lec10.変数の基本.c">
      <Filter>ソース ファイル</Filter>
    </ClCompile>
    <ClCompile Include="lec11.データ型とキャスト.c">
      <Filter>ソース ファイル</Filter>
    </ClCompile>
    <ClCompile Include="lec13代入演算子.c">
      <Filter>ソース ファイル</Filter>
    </ClCompile>
    <ClCompile Include="lec14if文.c">
      <Filter>ソース ファイル</Filter>
    </ClCompile>
    <ClCompile Include="lec15.if-else文.c">
      <Filter>ソース ファイル</Filter>
    </ClCompile>
    <ClCompile Include="lec16.if-else if-else文.c">
      <Filter>ソース ファイル</Filter>
    </ClCompile>
    <ClCompile Include="lec17.複雑な条件分岐（if入れ子）.c">
      <Filter>ソース ファイル</Filter>
    </ClCompile>
    <ClCompile Include="lec18.switch文.c">
      <Filter>ソース ファイル</Filter>
    </ClCompile>
    <ClCompile Include="lec19.for文.c">
      <Filter>ソース ファイル</Filter>
    </ClCompile>
    <ClCompile Include="lec20.forの二重ループ.c">
      <Filter>ソース ファイル</Filter>
    </ClCompile>
    <ClCompile Include="lec22.whileループ.c">
      <Filter>ソース ファイル</Filter>
    </ClCompile>
    <ClCompile Include="lec23.do-while文.c">
      <Filter>ソース ファイル</Filter>
    </ClCompile>
    <ClCompile Include="lec24.for~whileとdo~whileの違い.c">
      <Filter>ソース ファイル</Filter>
    </ClCompile>
  </ItemGroup>
  <ItemGroup>
    <ClInclude Include="test.h">
      <Filter>ヘッダー ファイル</Filter>
    </ClInclude>
  </ItemGroup>
</Project>